
Microsoft Visual Studio Solution File, Format Version 12.00
# Visual Studio Version 16
VisualStudioVersion = 16.0.30503.244
MinimumVisualStudioVersion = 10.0.40219.1
Project("{FAE04EC0-301F-11D3-BF4B-00C04F79EFBC}") = "FinalIP", "FinalIP\FinalIP.csproj", "{97604EE1-6D58-4BE8-A357-45C5C9785029}"
EndProject
Global
	GlobalSection(SolutionConfigurationPlatforms) = preSolution
		Debug|Any CPU = Debug|Any CPU
		Release|Any CPU = Release|Any CPU
	EndGlobalSection
	GlobalSection(ProjectConfigurationPlatforms) = postSolution
		{97604EE1-6D58-4BE8-A357-45C5C9785029}.Debug|Any CPU.ActiveCfg = Debug|Any CPU
		{97604EE1-6D58-4BE8-A357-45C5C9785029}.Debug|Any CPU.Build.0 = Debug|Any CPU
		{97604EE1-6D58-4BE8-A357-45C5C9785029}.Release|Any CPU.ActiveCfg = Release|Any CPU
		{97604EE1-6D58-4BE8-A357-45C5C9785029}.Release|Any CPU.Build.0 = Release|Any CPU
	EndGlobalSection
	GlobalSection(SolutionProperties) = preSolution
		HideSolutionNode = FALSE
	EndGlobalSection
	GlobalSection(ExtensibilityGlobals) = postSolution
		SolutionGuid = {20AD31A5-8A42-408D-B6AE-0B2D3CDBA7C8}
	EndGlobalSection
EndGlobal
